
Microsoft Visual Studio Solution File, Format Version 12.00
# Visual Studio 14
VisualStudioVersion = 14.0.24720.0
MinimumVisualStudioVersion = 10.0.40219.1
Project("{FAE04EC0-301F-11D3-BF4B-00C04F79EFBC}") = "HireMe", "HireMe\HireMe.csproj", "{66F8B48C-D970-473C-8352-AE57A07D2B1B}"
EndProject
Project("{FAE04EC0-301F-11D3-BF4B-00C04F79EFBC}") = "HireMe.BL", "HireMe.BL\HireMe.BL.csproj", "{7A9BA4FC-840D-4851-BD98-F83E0F0E079A}"
EndProject
Project("{2150E333-8FDC-42A3-9474-1A3956D46DE8}") = "Tests", "Tests", "{278D27AB-12A9-49C8-8F64-8AE83B1B1619}"
EndProject
Project("{FAE04EC0-301F-11D3-BF4B-00C04F79EFBC}") = "HireMe.BL.Tests", "HireMe.BL.Tests\HireMe.BL.Tests.csproj", "{6C1E0EB7-2CC9-4D43-8951-53D543BF1B56}"
EndProject
Global
	GlobalSection(SolutionConfigurationPlatforms) = preSolution
		Debug|Any CPU = Debug|Any CPU
		Release|Any CPU = Release|Any CPU
	EndGlobalSection
	GlobalSection(ProjectConfigurationPlatforms) = postSolution
		{66F8B48C-D970-473C-8352-AE57A07D2B1B}.Debug|Any CPU.ActiveCfg = Debug|Any CPU
		{66F8B48C-D970-473C-8352-AE57A07D2B1B}.Debug|Any CPU.Build.0 = Debug|Any CPU
		{66F8B48C-D970-473C-8352-AE57A07D2B1B}.Release|Any CPU.ActiveCfg = Release|Any CPU
		{66F8B48C-D970-473C-8352-AE57A07D2B1B}.Release|Any CPU.Build.0 = Release|Any CPU
		{7A9BA4FC-840D-4851-BD98-F83E0F0E079A}.Debug|Any CPU.ActiveCfg = Debug|Any CPU
		{7A9BA4FC-840D-4851-BD98-F83E0F0E079A}.Debug|Any CPU.Build.0 = Debug|Any CPU
		{7A9BA4FC-840D-4851-BD98-F83E0F0E079A}.Release|Any CPU.ActiveCfg = Release|Any CPU
		{7A9BA4FC-840D-4851-BD98-F83E0F0E079A}.Release|Any CPU.Build.0 = Release|Any CPU
		{6C1E0EB7-2CC9-4D43-8951-53D543BF1B56}.Debug|Any CPU.ActiveCfg = Debug|Any CPU
		{6C1E0EB7-2CC9-4D43-8951-53D543BF1B56}.Debug|Any CPU.Build.0 = Debug|Any CPU
		{6C1E0EB7-2CC9-4D43-8951-53D543BF1B56}.Release|Any CPU.ActiveCfg = Release|Any CPU
		{6C1E0EB7-2CC9-4D43-8951-53D543BF1B56}.Release|Any CPU.Build.0 = Release|Any CPU
	EndGlobalSection
	GlobalSection(SolutionProperties) = preSolution
		HideSolutionNode = FALSE
	EndGlobalSection
	GlobalSection(NestedProjects) = preSolution
		{6C1E0EB7-2CC9-4D43-8951-53D543BF1B56} = {278D27AB-12A9-49C8-8F64-8AE83B1B1619}
	EndGlobalSection
EndGlobal
